// !$*UTF8*$!
{
	archiveVersion = 1;
	classes = {
	};
	objectVersion = 46;
	objects = {

/* Begin PBXBuildFile section */
		30A83F8D3B1D0B4E002A0F22 /* Pods_JsonParseUITests.framework in Frameworks */ = {isa = PBXBuildFile; fileRef = 8564228CA246652439F7207F /* Pods_JsonParseUITests.framework */; };
		451C7EB2602986976C11BEC3 /* Pods_JsonParse.framework in Frameworks */ = {isa = PBXBuildFile; fileRef = 214843F44BEF99C95B4022C2 /* Pods_JsonParse.framework */; };
		5C87B641906142F79426CEA9 /* Pods_JsonParseTests.framework in Frameworks */ = {isa = PBXBuildFile; fileRef = E6FEAA37FEA4DEA1009EBBA6 /* Pods_JsonParseTests.framework */; };
		89B6CD441FE6290600A59755 /* AppDelegate.swift in Sources */ = {isa = PBXBuildFile; fileRef = 89B6CD431FE6290600A59755 /* AppDelegate.swift */; };
		89B6CD461FE6290600A59755 /* ViewController.swift in Sources */ = {isa = PBXBuildFile; fileRef = 89B6CD451FE6290600A59755 /* ViewController.swift */; };
		89B6CD491FE6290600A59755 /* Main.storyboard in Resources */ = {isa = PBXBuildFile; fileRef = 89B6CD471FE6290600A59755 /* Main.storyboard */; };
		89B6CD4B1FE6290600A59755 /* Assets.xcassets in Resources */ = {isa = PBXBuildFile; fileRef = 89B6CD4A1FE6290600A59755 /* Assets.xcassets */; };
		89B6CD4E1FE6290600A59755 /* LaunchScreen.storyboard in Resources */ = {isa = PBXBuildFile; fileRef = 89B6CD4C1FE6290600A59755 /* LaunchScreen.storyboard */; };
		89B6CD591FE6290600A59755 /* JsonParseTests.swift in Sources */ = {isa = PBXBuildFile; fileRef = 89B6CD581FE6290600A59755 /* JsonParseTests.swift */; };
		89B6CD641FE6290600A59755 /* JsonParseUITests.swift in Sources */ = {isa = PBXBuildFile; fileRef = 89B6CD631FE6290600A59755 /* JsonParseUITests.swift */; };
		89B6CD741FE6399E00A59755 /* BaseClass.swift in Sources */ = {isa = PBXBuildFile; fileRef = 89B6CD731FE6399E00A59755 /* BaseClass.swift */; };
/* End PBXBuildFile section */

/* Begin PBXContainerItemProxy section */
		89B6CD551FE6290600A59755 /* PBXContainerItemProxy */ = {
			isa = PBXContainerItemProxy;
			containerPortal = 89B6CD381FE6290600A59755 /* Project object */;
			proxyType = 1;
			remoteGlobalIDString = 89B6CD3F1FE6290600A59755;
			remoteInfo = JsonParse;
		};
		89B6CD601FE6290600A59755 /* PBXContainerItemProxy */ = {
			isa = PBXContainerItemProxy;
			containerPortal = 89B6CD381FE6290600A59755 /* Project object */;
			proxyType = 1;
			remoteGlobalIDString = 89B6CD3F1FE6290600A59755;
			remoteInfo = JsonParse;
		};
/* End PBXContainerItemProxy section */

/* Begin PBXFileReference section */
		214843F44BEF99C95B4022C2 /* Pods_JsonParse.framework */ = {isa = PBXFileReference; explicitFileType = wrapper.framework; includeInIndex = 0; path = Pods_JsonParse.framework; sourceTree = BUILT_PRODUCTS_DIR; };
		3CE381B959A6E7A75390B217 /* Pods-JsonParse.release.xcconfig */ = {isa = PBXFileReference; includeInIndex = 1; lastKnownFileType = text.xcconfig; name = "Pods-JsonParse.release.xcconfig"; path = "Pods/Target Support Files/Pods-JsonParse/Pods-JsonParse.release.xcconfig"; sourceTree = "<group>"; };
		5ADD0B6E4546AA14DEC9F8F3 /* Pods-JsonParseTests.release.xcconfig */ = {isa = PBXFileReference; includeInIndex = 1; lastKnownFileType = text.xcconfig; name = "Pods-JsonParseTests.release.xcconfig"; path = "Pods/Target Support Files/Pods-JsonParseTests/Pods-JsonParseTests.release.xcconfig"; sourceTree = "<group>"; };
		78907B1222853F6BB9C02DCB /* Pods-JsonParseUITests.debug.xcconfig */ = {isa = PBXFileReference; includeInIndex = 1; lastKnownFileType = text.xcconfig; name = "Pods-JsonParseUITests.debug.xcconfig"; path = "Pods/Target Support Files/Pods-JsonParseUITests/Pods-JsonParseUITests.debug.xcconfig"; sourceTree = "<group>"; };
		8564228CA246652439F7207F /* Pods_JsonParseUITests.framework */ = {isa = PBXFileReference; explicitFileType = wrapper.framework; includeInIndex = 0; path = Pods_JsonParseUITests.framework; sourceTree = BUILT_PRODUCTS_DIR; };
		89B6CD401FE6290600A59755 /* JsonParse.app */ = {isa = PBXFileReference; explicitFileType = wrapper.application; includeInIndex = 0; path = JsonParse.app; sourceTree = BUILT_PRODUCTS_DIR; };
		89B6CD431FE6290600A59755 /* AppDelegate.swift */ = {isa = PBXFileReference; lastKnownFileType = sourcecode.swift; path = AppDelegate.swift; sourceTree = "<group>"; };
		89B6CD451FE6290600A59755 /* ViewController.swift */ = {isa = PBXFileReference; lastKnownFileType = sourcecode.swift; path = ViewController.swift; sourceTree = "<group>"; };
		89B6CD481FE6290600A59755 /* Base */ = {isa = PBXFileReference; lastKnownFileType = file.storyboard; name = Base; path = Base.lproj/Main.storyboard; sourceTree = "<group>"; };
		89B6CD4A1FE6290600A59755 /* Assets.xcassets */ = {isa = PBXFileReference; lastKnownFileType = folder.assetcatalog; path = Assets.xcassets; sourceTree = "<group>"; };
		89B6CD4D1FE6290600A59755 /* Base */ = {isa = PBXFileReference; lastKnownFileType = file.storyboard; name = Base; path = Base.lproj/LaunchScreen.storyboard; sourceTree = "<group>"; };
		89B6CD4F1FE6290600A59755 /* Info.plist */ = {isa = PBXFileReference; lastKnownFileType = text.plist.xml; path = Info.plist; sourceTree = "<group>"; };
		89B6CD541FE6290600A59755 /* JsonParseTests.xctest */ = {isa = PBXFileReference; explicitFileType = wrapper.cfbundle; includeInIndex = 0; path = JsonParseTests.xctest; sourceTree = BUILT_PRODUCTS_DIR; };
		89B6CD581FE6290600A59755 /* JsonParseTests.swift */ = {isa = PBXFileReference; lastKnownFileType = sourcecode.swift; path = JsonParseTests.swift; sourceTree = "<group>"; };
		89B6CD5A1FE6290600A59755 /* Info.plist */ = {isa = PBXFileReference; lastKnownFileType = text.plist.xml; path = Info.plist; sourceTree = "<group>"; };
		89B6CD5F1FE6290600A59755 /* JsonParseUITests.xctest */ = {isa = PBXFileReference; explicitFileType = wrapper.cfbundle; includeInIndex = 0; path = JsonParseUITests.xctest; sourceTree = BUILT_PRODUCTS_DIR; };
		89B6CD631FE6290600A59755 /* JsonParseUITests.swift */ = {isa = PBXFileReference; lastKnownFileType = sourcecode.swift; path = JsonParseUITests.swift; sourceTree = "<group>"; };
		89B6CD651FE6290600A59755 /* Info.plist */ = {isa = PBXFileReference; lastKnownFileType = text.plist.xml; path = Info.plist; sourceTree = "<group>"; };
		89B6CD731FE6399E00A59755 /* BaseClass.swift */ = {isa = PBXFileReference; fileEncoding = 4; lastKnownFileType = sourcecode.swift; name = BaseClass.swift; path = ../../BaseClass.swift; sourceTree = "<group>"; };
		A08C04E029E5D6D766372833 /* Pods-JsonParseUITests.release.xcconfig */ = {isa = PBXFileReference; includeInIndex = 1; lastKnownFileType = text.xcconfig; name = "Pods-JsonParseUITests.release.xcconfig"; path = "Pods/Target Support Files/Pods-JsonParseUITests/Pods-JsonParseUITests.release.xcconfig"; sourceTree = "<group>"; };
		B65BDCC23BD74A5AB99CD13C /* Pods-JsonParseTests.debug.xcconfig */ = {isa = PBXFileReference; includeInIndex = 1; lastKnownFileType = text.xcconfig; name = "Pods-JsonParseTests.debug.xcconfig"; path = "Pods/Target Support Files/Pods-JsonParseTests/Pods-JsonParseTests.debug.xcconfig"; sourceTree = "<group>"; };
		DA7E15E856985A2AF7C82485 /* Pods-JsonParse.debug.xcconfig */ = {isa = PBXFileReference; includeInIndex = 1; lastKnownFileType = text.xcconfig; name = "Pods-JsonParse.debug.xcconfig"; path = "Pods/Target Support Files/Pods-JsonParse/Pods-JsonParse.debug.xcconfig"; sourceTree = "<group>"; };
		E6FEAA37FEA4DEA1009EBBA6 /* Pods_JsonParseTests.framework */ = {isa = PBXFileReference; explicitFileType = wrapper.framework; includeInIndex = 0; path = Pods_JsonParseTests.framework; sourceTree = BUILT_PRODUCTS_DIR; };
/* End PBXFileReference section */

/* Begin PBXFrameworksBuildPhase section */
		89B6CD3D1FE6290600A59755 /* Frameworks */ = {
			isa = PBXFrameworksBuildPhase;
			buildActionMask = 2147483647;
			files = (
				451C7EB2602986976C11BEC3 /* Pods_JsonParse.framework in Frameworks */,
			);
			runOnlyForDeploymentPostprocessing = 0;
		};
		89B6CD511FE6290600A59755 /* Frameworks */ = {
			isa = PBXFrameworksBuildPhase;
			buildActionMask = 2147483647;
			files = (
				5C87B641906142F79426CEA9 /* Pods_JsonParseTests.framework in Frameworks */,
			);
			runOnlyForDeploymentPostprocessing = 0;
		};
		89B6CD5C1FE6290600A59755 /* Frameworks */ = {
			isa = PBXFrameworksBuildPhase;
			buildActionMask = 2147483647;
			files = (
				30A83F8D3B1D0B4E002A0F22 /* Pods_JsonParseUITests.framework in Frameworks */,
			);
			runOnlyForDeploymentPostprocessing = 0;
		};
/* End PBXFrameworksBuildPhase section */

/* Begin PBXGroup section */
		89B6CD371FE6290600A59755 = {
			isa = PBXGroup;
			children = (
				89B6CD421FE6290600A59755 /* JsonParse */,
				89B6CD571FE6290600A59755 /* JsonParseTests */,
				89B6CD621FE6290600A59755 /* JsonParseUITests */,
				89B6CD411FE6290600A59755 /* Products */,
				97B6DE1CF74A1849C984B1E8 /* Pods */,
				89EDF8FD41EF8FF6CC4A78EF /* Frameworks */,
			);
			sourceTree = "<group>";
		};
		89B6CD411FE6290600A59755 /* Products */ = {
			isa = PBXGroup;
			children = (
				89B6CD401FE6290600A59755 /* JsonParse.app */,
				89B6CD541FE6290600A59755 /* JsonParseTests.xctest */,
				89B6CD5F1FE6290600A59755 /* JsonParseUITests.xctest */,
			);
			name = Products;
			sourceTree = "<group>";
		};
		89B6CD421FE6290600A59755 /* JsonParse */ = {
			isa = PBXGroup;
			children = (
				89B6CD731FE6399E00A59755 /* BaseClass.swift */,
				89B6CD431FE6290600A59755 /* AppDelegate.swift */,
				89B6CD451FE6290600A59755 /* ViewController.swift */,
				89B6CD471FE6290600A59755 /* Main.storyboard */,
				89B6CD4A1FE6290600A59755 /* Assets.xcassets */,
				89B6CD4C1FE6290600A59755 /* LaunchScreen.storyboard */,
				89B6CD4F1FE6290600A59755 /* Info.plist */,
			);
			path = JsonParse;
			sourceTree = "<group>";
		};
		89B6CD571FE6290600A59755 /* JsonParseTests */ = {
			isa = PBXGroup;
			children = (
				89B6CD581FE6290600A59755 /* JsonParseTests.swift */,
				89B6CD5A1FE6290600A59755 /* Info.plist */,
			);
			path = JsonParseTests;
			sourceTree = "<group>";
		};
		89B6CD621FE6290600A59755 /* JsonParseUITests */ = {
			isa = PBXGroup;
			children = (
				89B6CD631FE6290600A59755 /* JsonParseUITests.swift */,
				89B6CD651FE6290600A59755 /* Info.plist */,
			);
			path = JsonParseUITests;
			sourceTree = "<group>";
		};
		89EDF8FD41EF8FF6CC4A78EF /* Frameworks */ = {
			isa = PBXGroup;
			children = (
				214843F44BEF99C95B4022C2 /* Pods_JsonParse.framework */,
				E6FEAA37FEA4DEA1009EBBA6 /* Pods_JsonParseTests.framework */,
				8564228CA246652439F7207F /* Pods_JsonParseUITests.framework */,
			);
			name = Frameworks;
			sourceTree = "<group>";
		};
		97B6DE1CF74A1849C984B1E8 /* Pods */ = {
			isa = PBXGroup;
			children = (
				DA7E15E856985A2AF7C82485 /* Pods-JsonParse.debug.xcconfig */,
				3CE381B959A6E7A75390B217 /* Pods-JsonParse.release.xcconfig */,
				B65BDCC23BD74A5AB99CD13C /* Pods-JsonParseTests.debug.xcconfig */,
				5ADD0B6E4546AA14DEC9F8F3 /* Pods-JsonParseTests.release.xcconfig */,
				78907B1222853F6BB9C02DCB /* Pods-JsonParseUITests.debug.xcconfig */,
				A08C04E029E5D6D766372833 /* Pods-JsonParseUITests.release.xcconfig */,
			);
			name = Pods;
			sourceTree = "<group>";
		};
/* End PBXGroup section */

/* Begin PBXNativeTarget section */
		89B6CD3F1FE6290600A59755 /* JsonParse */ = {
			isa = PBXNativeTarget;
			buildConfigurationList = 89B6CD681FE6290600A59755 /* Build configuration list for PBXNativeTarget "JsonParse" */;
			buildPhases = (
				9556B34B88313035EF9CD638 /* [CP] Check Pods Manifest.lock */,
				89B6CD3C1FE6290600A59755 /* Sources */,
				89B6CD3D1FE6290600A59755 /* Frameworks */,
				89B6CD3E1FE6290600A59755 /* Resources */,
				3C6919912ECCBFBFA6E366E3 /* [CP] Embed Pods Frameworks */,
				DDA7B00C40A84D35AC8BDDF2 /* [CP] Copy Pods Resources */,
			);
			buildRules = (
			);
			dependencies = (
			);
			name = JsonParse;
			productName = JsonParse;
			productReference = 89B6CD401FE6290600A59755 /* JsonParse.app */;
			productType = "com.apple.product-type.application";
		};
		89B6CD531FE6290600A59755 /* JsonParseTests */ = {
			isa = PBXNativeTarget;
			buildConfigurationList = 89B6CD6B1FE6290600A59755 /* Build configuration list for PBXNativeTarget "JsonParseTests" */;
			buildPhases = (
				F33A568DA104C06F7DEEF4ED /* [CP] Check Pods Manifest.lock */,
				89B6CD501FE6290600A59755 /* Sources */,
				89B6CD511FE6290600A59755 /* Frameworks */,
				89B6CD521FE6290600A59755 /* Resources */,
				6DC6F24B5261C4E9A82DF1B3 /* [CP] Embed Pods Frameworks */,
				771494A1A1FD53D869308D5A /* [CP] Copy Pods Resources */,
			);
			buildRules = (
			);
			dependencies = (
				89B6CD561FE6290600A59755 /* PBXTargetDependency */,
			);
			name = JsonParseTests;
			productName = JsonParseTests;
			productReference = 89B6CD541FE6290600A59755 /* JsonParseTests.xctest */;
			productType = "com.apple.product-type.bundle.unit-test";
		};
		89B6CD5E1FE6290600A59755 /* JsonParseUITests */ = {
			isa = PBXNativeTarget;
			buildConfigurationList = 89B6CD6E1FE6290600A59755 /* Build configuration list for PBXNativeTarget "JsonParseUITests" */;
			buildPhases = (
				12E8F2886C4D7E465BA36BD5 /* [CP] Check Pods Manifest.lock */,
				89B6CD5B1FE6290600A59755 /* Sources */,
				89B6CD5C1FE6290600A59755 /* Frameworks */,
				89B6CD5D1FE6290600A59755 /* Resources */,
				AC4E0571414A486E0F31D9FE /* [CP] Embed Pods Frameworks */,
				D13EA3EC83F979759A6713B0 /* [CP] Copy Pods Resources */,
			);
			buildRules = (
			);
			dependencies = (
				89B6CD611FE6290600A59755 /* PBXTargetDependency */,
			);
			name = JsonParseUITests;
			productName = JsonParseUITests;
			productReference = 89B6CD5F1FE6290600A59755 /* JsonParseUITests.xctest */;
			productType = "com.apple.product-type.bundle.ui-testing";
		};
/* End PBXNativeTarget section */

/* Begin PBXProject section */
		89B6CD381FE6290600A59755 /* Project object */ = {
			isa = PBXProject;
			attributes = {
				LastSwiftUpdateCheck = 0830;
				LastUpgradeCheck = 0830;
				ORGANIZATIONNAME = "iOS Application for World";
				TargetAttributes = {
					89B6CD3F1FE6290600A59755 = {
						CreatedOnToolsVersion = 8.3.3;
						DevelopmentTeam = 2E39R5HUP8;
						ProvisioningStyle = Automatic;
					};
					89B6CD531FE6290600A59755 = {
						CreatedOnToolsVersion = 8.3.3;
						DevelopmentTeam = 2E39R5HUP8;
						ProvisioningStyle = Automatic;
						TestTargetID = 89B6CD3F1FE6290600A59755;
					};
					89B6CD5E1FE6290600A59755 = {
						CreatedOnToolsVersion = 8.3.3;
						DevelopmentTeam = 2E39R5HUP8;
						ProvisioningStyle = Automatic;
						TestTargetID = 89B6CD3F1FE6290600A59755;
					};
				};
			};
			buildConfigurationList = 89B6CD3B1FE6290600A59755 /* Build configuration list for PBXProject "JsonParse" */;
			compatibilityVersion = "Xcode 3.2";
			developmentRegion = English;
			hasScannedForEncodings = 0;
			knownRegions = (
				en,
				Base,
			);
			mainGroup = 89B6CD371FE6290600A59755;
			productRefGroup = 89B6CD411FE6290600A59755 /* Products */;
			projectDirPath = "";
			projectRoot = "";
			targets = (
				89B6CD3F1FE6290600A59755 /* JsonParse */,
				89B6CD531FE6290600A59755 /* JsonParseTests */,
				89B6CD5E1FE6290600A59755 /* JsonParseUITests */,
			);
		};
/* End PBXProject section */

/* Begin PBXResourcesBuildPhase section */
		89B6CD3E1FE6290600A59755 /* Resources */ = {
			isa = PBXResourcesBuildPhase;
			buildActionMask = 2147483647;
			files = (
				89B6CD4E1FE6290600A59755 /* LaunchScreen.storyboard in Resources */,
				89B6CD4B1FE6290600A59755 /* Assets.xcassets in Resources */,
				89B6CD491FE6290600A59755 /* Main.storyboard in Resources */,
			);
			runOnlyForDeploymentPostprocessing = 0;
		};
		89B6CD521FE6290600A59755 /* Resources */ = {
			isa = PBXResourcesBuildPhase;
			buildActionMask = 2147483647;
			files = (
			);
			runOnlyForDeploymentPostprocessing = 0;
		};
		89B6CD5D1FE6290600A59755 /* Resources */ = {
			isa = PBXResourcesBuildPhase;
			buildActionMask = 2147483647;
			files = (
			);
			runOnlyForDeploymentPostprocessing = 0;
		};
/* End PBXResourcesBuildPhase section */

/* Begin PBXShellScriptBuildPhase section */
		12E8F2886C4D7E465BA36BD5 /* [CP] Check Pods Manifest.lock */ = {
			isa = PBXShellScriptBuildPhase;
			buildActionMask = 2147483647;
			files = (
			);
			inputPaths = (
				"${PODS_PODFILE_DIR_PATH}/Podfile.lock",
				"${PODS_ROOT}/Manifest.lock",
			);
			name = "[CP] Check Pods Manifest.lock";
			outputPaths = (
				"$(DERIVED_FILE_DIR)/Pods-JsonParseUITests-checkManifestLockResult.txt",
			);
			runOnlyForDeploymentPostprocessing = 0;
			shellPath = /bin/sh;
			shellScript = "diff \"${PODS_PODFILE_DIR_PATH}/Podfile.lock\" \"${PODS_ROOT}/Manifest.lock\" > /dev/null\nif [ $? != 0 ] ; then\n    # print error to STDERR\n    echo \"error: The sandbox is not in sync with the Podfile.lock. Run 'pod install' or update your CocoaPods installation.\" >&2\n    exit 1\nfi\n# This output is used by Xcode 'outputs' to avoid re-running this script phase.\necho \"SUCCESS\" > \"${SCRIPT_OUTPUT_FILE_0}\"\n";
			showEnvVarsInLog = 0;
		};
		3C6919912ECCBFBFA6E366E3 /* [CP] Embed Pods Frameworks */ = {
			isa = PBXShellScriptBuildPhase;
			buildActionMask = 2147483647;
			files = (
			);
			inputPaths = (
				"${SRCROOT}/Pods/Target Support Files/Pods-JsonParse/Pods-JsonParse-frameworks.sh",
				"${BUILT_PRODUCTS_DIR}/Alamofire/Alamofire.framework",
				"${BUILT_PRODUCTS_DIR}/AlamofireObjectMapper/AlamofireObjectMapper.framework",
				"${BUILT_PRODUCTS_DIR}/ObjectMapper/ObjectMapper.framework",
			);
			name = "[CP] Embed Pods Frameworks";
			outputPaths = (
				"${TARGET_BUILD_DIR}/${FRAMEWORKS_FOLDER_PATH}/Alamofire.framework",
				"${TARGET_BUILD_DIR}/${FRAMEWORKS_FOLDER_PATH}/AlamofireObjectMapper.framework",
				"${TARGET_BUILD_DIR}/${FRAMEWORKS_FOLDER_PATH}/ObjectMapper.framework",
			);
			runOnlyForDeploymentPostprocessing = 0;
			shellPath = /bin/sh;
			shellScript = "\"${SRCROOT}/Pods/Target Support Files/Pods-JsonParse/Pods-JsonParse-frameworks.sh\"\n";
			showEnvVarsInLog = 0;
		};
		6DC6F24B5261C4E9A82DF1B3 /* [CP] Embed Pods Frameworks */ = {
			isa = PBXShellScriptBuildPhase;
			buildActionMask = 2147483647;
			files = (
			);
			inputPaths = (
			);
			name = "[CP] Embed Pods Frameworks";
			outputPaths = (
			);
			runOnlyForDeploymentPostprocessing = 0;
			shellPath = /bin/sh;
			shellScript = "\"${SRCROOT}/Pods/Target Support Files/Pods-JsonParseTests/Pods-JsonParseTests-frameworks.sh\"\n";
			showEnvVarsInLog = 0;
		};
		771494A1A1FD53D869308D5A /* [CP] Copy Pods Resources */ = {
			isa = PBXShellScriptBuildPhase;
			buildActionMask = 2147483647;
			files = (
			);
			inputPaths = (
			);
			name = "[CP] Copy Pods Resources";
			outputPaths = (
			);
			runOnlyForDeploymentPostprocessing = 0;
			shellPath = /bin/sh;
			shellScript = "\"${SRCROOT}/Pods/Target Support Files/Pods-JsonParseTests/Pods-JsonParseTests-resources.sh\"\n";
			showEnvVarsInLog = 0;
		};
		9556B34B88313035EF9CD638 /* [CP] Check Pods Manifest.lock */ = {
			isa = PBXShellScriptBuildPhase;
			buildActionMask = 2147483647;
			files = (
			);
			inputPaths = (
				"${PODS_PODFILE_DIR_PATH}/Podfile.lock",
				"${PODS_ROOT}/Manifest.lock",
			);
			name = "[CP] Check Pods Manifest.lock";
			outputPaths = (
				"$(DERIVED_FILE_DIR)/Pods-JsonParse-checkManifestLockResult.txt",
			);
			runOnlyForDeploymentPostprocessing = 0;
			shellPath = /bin/sh;
			shellScript = "diff \"${PODS_PODFILE_DIR_PATH}/Podfile.lock\" \"${PODS_ROOT}/Manifest.lock\" > /dev/null\nif [ $? != 0 ] ; then\n    # print error to STDERR\n    echo \"error: The sandbox is not in sync with the Podfile.lock. Run 'pod install' or update your CocoaPods installation.\" >&2\n    exit 1\nfi\n# This output is used by Xcode 'outputs' to avoid re-running this script phase.\necho \"SUCCESS\" > \"${SCRIPT_OUTPUT_FILE_0}\"\n";
			showEnvVarsInLog = 0;
		};
		AC4E0571414A486E0F31D9FE /* [CP] Embed Pods Frameworks */ = {
			isa = PBXShellScriptBuildPhase;
			buildActionMask = 2147483647;
			files = (
			);
			inputPaths = (
			);
			name = "[CP] Embed Pods Frameworks";
			outputPaths = (
			);
			runOnlyForDeploymentPostprocessing = 0;
			shellPath = /bin/sh;
			shellScript = "\"${SRCROOT}/Pods/Target Support Files/Pods-JsonParseUITests/Pods-JsonParseUITests-frameworks.sh\"\n";
			showEnvVarsInLog = 0;
		};
		D13EA3EC83F979759A6713B0 /* [CP] Copy Pods Resources */ = {
			isa = PBXShellScriptBuildPhase;
			buildActionMask = 2147483647;
			files = (
			);
			inputPaths = (
			);
			name = "[CP] Copy Pods Resources";
			outputPaths = (
			);
			runOnlyForDeploymentPostprocessing = 0;
			shellPath = /bin/sh;
			shellScript = "\"${SRCROOT}/Pods/Target Support Files/Pods-JsonParseUITests/Pods-JsonParseUITests-resources.sh\"\n";
			showEnvVarsInLog = 0;
		};
		DDA7B00C40A84D35AC8BDDF2 /* [CP] Copy Pods Resources */ = {
			isa = PBXShellScriptBuildPhase;
			buildActionMask = 2147483647;
			files = (
			);
			inputPaths = (
			);
			name = "[CP] Copy Pods Resources";
			outputPaths = (
			);
			runOnlyForDeploymentPostprocessing = 0;
			shellPath = /bin/sh;
			shellScript = "\"${SRCROOT}/Pods/Target Support Files/Pods-JsonParse/Pods-JsonParse-resources.sh\"\n";
			showEnvVarsInLog = 0;
		};
		F33A568DA104C06F7DEEF4ED /* [CP] Check Pods Manifest.lock */ = {
			isa = PBXShellScriptBuildPhase;
			buildActionMask = 2147483647;
			files = (
			);
			inputPaths = (
				"${PODS_PODFILE_DIR_PATH}/Podfile.lock",
				"${PODS_ROOT}/Manifest.lock",
			);
			name = "[CP] Check Pods Manifest.lock";
			outputPaths = (
				"$(DERIVED_FILE_DIR)/Pods-JsonParseTests-checkManifestLockResult.txt",
			);
			runOnlyForDeploymentPostprocessing = 0;
			shellPath = /bin/sh;
			shellScript = "diff \"${PODS_PODFILE_DIR_PATH}/Podfile.lock\" \"${PODS_ROOT}/Manifest.lock\" > /dev/null\nif [ $? != 0 ] ; then\n    # print error to STDERR\n    echo \"error: The sandbox is not in sync with the Podfile.lock. Run 'pod install' or update your CocoaPods installation.\" >&2\n    exit 1\nfi\n# This output is used by Xcode 'outputs' to avoid re-running this script phase.\necho \"SUCCESS\" > \"${SCRIPT_OUTPUT_FILE_0}\"\n";
			showEnvVarsInLog = 0;
		};
/* End PBXShellScriptBuildPhase section */

/* Begin PBXSourcesBuildPhase section */
		89B6CD3C1FE6290600A59755 /* Sources */ = {
			isa = PBXSourcesBuildPhase;
			buildActionMask = 2147483647;
			files = (
				89B6CD461FE6290600A59755 /* ViewController.swift in Sources */,
				89B6CD741FE6399E00A59755 /* BaseClass.swift in Sources */,
				89B6CD441FE6290600A59755 /* AppDelegate.swift in Sources */,
			);
			runOnlyForDeploymentPostprocessing = 0;
		};
		89B6CD501FE6290600A59755 /* Sources */ = {
			isa = PBXSourcesBuildPhase;
			buildActionMask = 2147483647;
			files = (
				89B6CD591FE6290600A59755 /* JsonParseTests.swift in Sources */,
			);
			runOnlyForDeploymentPostprocessing = 0;
		};
		89B6CD5B1FE6290600A59755 /* Sources */ = {
			isa = PBXSourcesBuildPhase;
			buildActionMask = 2147483647;
			files = (
				89B6CD641FE6290600A59755 /* JsonParseUITests.swift in Sources */,
			);
			runOnlyForDeploymentPostprocessing = 0;
		};
/* End PBXSourcesBuildPhase section */

/* Begin PBXTargetDependency section */
		89B6CD561FE6290600A59755 /* PBXTargetDependency */ = {
			isa = PBXTargetDependency;
			target = 89B6CD3F1FE6290600A59755 /* JsonParse */;
			targetProxy = 89B6CD551FE6290600A59755 /* PBXContainerItemProxy */;
		};
		89B6CD611FE6290600A59755 /* PBXTargetDependency */ = {
			isa = PBXTargetDependency;
			target = 89B6CD3F1FE6290600A59755 /* JsonParse */;
			targetProxy = 89B6CD601FE6290600A59755 /* PBXContainerItemProxy */;
		};
/* End PBXTargetDependency section */

/* Begin PBXVariantGroup section */
		89B6CD471FE6290600A59755 /* Main.storyboard */ = {
			isa = PBXVariantGroup;
			children = (
				89B6CD481FE6290600A59755 /* Base */,
			);
			name = Main.storyboard;
			sourceTree = "<group>";
		};
		89B6CD4C1FE6290600A59755 /* LaunchScreen.storyboard */ = {
			isa = PBXVariantGroup;
			children = (
				89B6CD4D1FE6290600A59755 /* Base */,
			);
			name = LaunchScreen.storyboard;
			sourceTree = "<group>";
		};
/* End PBXVariantGroup section */

/* Begin XCBuildConfiguration section */
		89B6CD661FE6290600A59755 /* Debug */ = {
			isa = XCBuildConfiguration;
			buildSettings = {
				ALWAYS_SEARCH_USER_PATHS = NO;
				CLANG_ANALYZER_NONNULL = YES;
				CLANG_ANALYZER_NUMBER_OBJECT_CONVERSION = YES_AGGRESSIVE;
				CLANG_CXX_LANGUAGE_STANDARD = "gnu++0x";
				CLANG_CXX_LIBRARY = "libc++";
				CLANG_ENABLE_MODULES = YES;
				CLANG_ENABLE_OBJC_ARC = YES;
				CLANG_WARN_BOOL_CONVERSION = YES;
				CLANG_WARN_CONSTANT_CONVERSION = YES;
				CLANG_WARN_DIRECT_OBJC_ISA_USAGE = YES_ERROR;
				CLANG_WARN_DOCUMENTATION_COMMENTS = YES;
				CLANG_WARN_EMPTY_BODY = YES;
				CLANG_WARN_ENUM_CONVERSION = YES;
				CLANG_WARN_INFINITE_RECURSION = YES;
				CLANG_WARN_INT_CONVERSION = YES;
				CLANG_WARN_OBJC_ROOT_CLASS = YES_ERROR;
				CLANG_WARN_SUSPICIOUS_MOVE = YES;
				CLANG_WARN_UNREACHABLE_CODE = YES;
				CLANG_WARN__DUPLICATE_METHOD_MATCH = YES;
				"CODE_SIGN_IDENTITY[sdk=iphoneos*]" = "iPhone Developer";
				COPY_PHASE_STRIP = NO;
				DEBUG_INFORMATION_FORMAT = dwarf;
				ENABLE_STRICT_OBJC_MSGSEND = YES;
				ENABLE_TESTABILITY = YES;
				GCC_C_LANGUAGE_STANDARD = gnu99;
				GCC_DYNAMIC_NO_PIC = NO;
				GCC_NO_COMMON_BLOCKS = YES;
				GCC_OPTIMIZATION_LEVEL = 0;
				GCC_PREPROCESSOR_DEFINITIONS = (
					"DEBUG=1",
					"$(inherited)",
				);
				GCC_WARN_64_TO_32_BIT_CONVERSION = YES;
				GCC_WARN_ABOUT_RETURN_TYPE = YES_ERROR;
				GCC_WARN_UNDECLARED_SELECTOR = YES;
				GCC_WARN_UNINITIALIZED_AUTOS = YES_AGGRESSIVE;
				GCC_WARN_UNUSED_FUNCTION = YES;
				GCC_WARN_UNUSED_VARIABLE = YES;
				IPHONEOS_DEPLOYMENT_TARGET = 10.3;
				MTL_ENABLE_DEBUG_INFO = YES;
				ONLY_ACTIVE_ARCH = YES;
				SDKROOT = iphoneos;
				SWIFT_ACTIVE_COMPILATION_CONDITIONS = DEBUG;
				SWIFT_OPTIMIZATION_LEVEL = "-Onone";
			};
			name = Debug;
		};
		89B6CD671FE6290600A59755 /* Release */ = {
			isa = XCBuildConfiguration;
			buildSettings = {
				ALWAYS_SEARCH_USER_PATHS = NO;
				CLANG_ANALYZER_NONNULL = YES;
				CLANG_ANALYZER_NUMBER_OBJECT_CONVERSION = YES_AGGRESSIVE;
				CLANG_CXX_LANGUAGE_STANDARD = "gnu++0x";
				CLANG_CXX_LIBRARY = "libc++";
				CLANG_ENABLE_MODULES = YES;
				CLANG_ENABLE_OBJC_ARC = YES;
				CLANG_WARN_BOOL_CONVERSION = YES;
				CLANG_WARN_CONSTANT_CONVERSION = YES;
				CLANG_WARN_DIRECT_OBJC_ISA_USAGE = YES_ERROR;
				CLANG_WARN_DOCUMENTATION_COMMENTS = YES;
				CLANG_WARN_EMPTY_BODY = YES;
				CLANG_WARN_ENUM_CONVERSION = YES;
				CLANG_WARN_INFINITE_RECURSION = YES;
				CLANG_WARN_INT_CONVERSION = YES;
				CLANG_WARN_OBJC_ROOT_CLASS = YES_ERROR;
				CLANG_WARN_SUSPICIOUS_MOVE = YES;
				CLANG_WARN_UNREACHABLE_CODE = YES;
				CLANG_WARN__DUPLICATE_METHOD_MATCH = YES;
				"CODE_SIGN_IDENTITY[sdk=iphoneos*]" = "iPhone Developer";
				COPY_PHASE_STRIP = NO;
				DEBUG_INFORMATION_FORMAT = "dwarf-with-dsym";
				ENABLE_NS_ASSERTIONS = NO;
				ENABLE_STRICT_OBJC_MSGSEND = YES;
				GCC_C_LANGUAGE_STANDARD = gnu99;
				GCC_NO_COMMON_BLOCKS = YES;
				GCC_WARN_64_TO_32_BIT_CONVERSION = YES;
				GCC_WARN_ABOUT_RETURN_TYPE = YES_ERROR;
				GCC_WARN_UNDECLARED_SELECTOR = YES;
				GCC_WARN_UNINITIALIZED_AUTOS = YES_AGGRESSIVE;
				GCC_WARN_UNUSED_FUNCTION = YES;
				GCC_WARN_UNUSED_VARIABLE = YES;
				IPHONEOS_DEPLOYMENT_TARGET = 10.3;
				MTL_ENABLE_DEBUG_INFO = NO;
				SDKROOT = iphoneos;
				SWIFT_OPTIMIZATION_LEVEL = "-Owholemodule";
				VALIDATE_PRODUCT = YES;
			};
			name = Release;
		};
		89B6CD691FE6290600A59755 /* Debug */ = {
			isa = XCBuildConfiguration;
			baseConfigurationReference = DA7E15E856985A2AF7C82485 /* Pods-JsonParse.debug.xcconfig */;
			buildSettings = {
				ASSETCATALOG_COMPILER_APPICON_NAME = AppIcon;
				DEVELOPMENT_TEAM = 2E39R5HUP8;
				INFOPLIST_FILE = JsonParse/Info.plist;
				LD_RUNPATH_SEARCH_PATHS = "$(inherited) @executable_path/Frameworks";
				PRODUCT_BUNDLE_IDENTIFIER = iOSDeveloper.JsonParse;
				PRODUCT_NAME = "$(TARGET_NAME)";
				SWIFT_VERSION = 3.0;
			};
			name = Debug;
		};
		89B6CD6A1FE6290600A59755 /* Release */ = {
			isa = XCBuildConfiguration;
			baseConfigurationReference = 3CE381B959A6E7A75390B217 /* Pods-JsonParse.release.xcconfig */;
			buildSettings = {
				ASSETCATALOG_COMPILER_APPICON_NAME = AppIcon;
				DEVELOPMENT_TEAM = 2E39R5HUP8;
				INFOPLIST_FILE = JsonParse/Info.plist;
				LD_RUNPATH_SEARCH_PATHS = "$(inherited) @executable_path/Frameworks";
				PRODUCT_BUNDLE_IDENTIFIER = iOSDeveloper.JsonParse;
				PRODUCT_NAME = "$(TARGET_NAME)";
				SWIFT_VERSION = 3.0;
			};
			name = Release;
		};
		89B6CD6C1FE6290600A59755 /* Debug */ = {
			isa = XCBuildConfiguration;
			baseConfigurationReference = B65BDCC23BD74A5AB99CD13C /* Pods-JsonParseTests.debug.xcconfig */;
			buildSettings = {
				ALWAYS_EMBED_SWIFT_STANDARD_LIBRARIES = YES;
				BUNDLE_LOADER = "$(TEST_HOST)";
				DEVELOPMENT_TEAM = 2E39R5HUP8;
				INFOPLIST_FILE = JsonParseTests/Info.plist;
				LD_RUNPATH_SEARCH_PATHS = "$(inherited) @executable_path/Frameworks @loader_path/Frameworks";
				PRODUCT_BUNDLE_IDENTIFIER = iOSDeveloper.JsonParseTests;
				PRODUCT_NAME = "$(TARGET_NAME)";
				SWIFT_VERSION = 3.0;
				TEST_HOST = "$(BUILT_PRODUCTS_DIR)/JsonParse.app/JsonParse";
			};
			name = Debug;
		};
		89B6CD6D1FE6290600A59755 /* Release */ = {
			isa = XCBuildConfiguration;
			baseConfigurationReference = 5ADD0B6E4546AA14DEC9F8F3 /* Pods-JsonParseTests.release.xcconfig */;
			buildSettings = {
				ALWAYS_EMBED_SWIFT_STANDARD_LIBRARIES = YES;
				BUNDLE_LOADER = "$(TEST_HOST)";
				DEVELOPMENT_TEAM = 2E39R5HUP8;
				INFOPLIST_FILE = JsonParseTests/Info.plist;
				LD_RUNPATH_SEARCH_PATHS = "$(inherited) @executable_path/Frameworks @loader_path/Frameworks";
				PRODUCT_BUNDLE_IDENTIFIER = iOSDeveloper.JsonParseTests;
				PRODUCT_NAME = "$(TARGET_NAME)";
				SWIFT_VERSION = 3.0;
				TEST_HOST = "$(BUILT_PRODUCTS_DIR)/JsonParse.app/JsonParse";
			};
			name = Release;
		};
		89B6CD6F1FE6290600A59755 /* Debug */ = {
			isa = XCBuildConfiguration;
			baseConfigurationReference = 78907B1222853F6BB9C02DCB /* Pods-JsonParseUITests.debug.xcconfig */;
			buildSettings = {
				ALWAYS_EMBED_SWIFT_STANDARD_LIBRARIES = YES;
				DEVELOPMENT_TEAM = 2E39R5HUP8;
				INFOPLIST_FILE = JsonParseUITests/Info.plist;
				LD_RUNPATH_SEARCH_PATHS = "$(inherited) @executable_path/Frameworks @loader_path/Frameworks";
				PRODUCT_BUNDLE_IDENTIFIER = iOSDeveloper.JsonParseUITests;
				PRODUCT_NAME = "$(TARGET_NAME)";
				SWIFT_VERSION = 3.0;
				TEST_TARGET_NAME = JsonParse;
			};
			name = Debug;
		};
		89B6CD701FE6290600A59755 /* Release */ = {
			isa = XCBuildConfiguration;
			baseConfigurationReference = A08C04E029E5D6D766372833 /* Pods-JsonParseUITests.release.xcconfig */;
			buildSettings = {
				ALWAYS_EMBED_SWIFT_STANDARD_LIBRARIES = YES;
				DEVELOPMENT_TEAM = 2E39R5HUP8;
				INFOPLIST_FILE = JsonParseUITests/Info.plist;
				LD_RUNPATH_SEARCH_PATHS = "$(inherited) @executable_path/Frameworks @loader_path/Frameworks";
				PRODUCT_BUNDLE_IDENTIFIER = iOSDeveloper.JsonParseUITests;
				PRODUCT_NAME = "$(TARGET_NAME)";
				SWIFT_VERSION = 3.0;
				TEST_TARGET_NAME = JsonParse;
			};
			name = Release;
		};
/* End XCBuildConfiguration section */

/* Begin XCConfigurationList section */
		89B6CD3B1FE6290600A59755 /* Build configuration list for PBXProject "JsonParse" */ = {
			isa = XCConfigurationList;
			buildConfigurations = (
				89B6CD661FE6290600A59755 /* Debug */,
				89B6CD671FE6290600A59755 /* Release */,
			);
			defaultConfigurationIsVisible = 0;
			defaultConfigurationName = Release;
		};
		89B6CD681FE6290600A59755 /* Build configuration list for PBXNativeTarget "JsonParse" */ = {
			isa = XCConfigurationList;
			buildConfigurations = (
				89B6CD691FE6290600A59755 /* Debug */,
				89B6CD6A1FE6290600A59755 /* Release */,
			);
			defaultConfigurationIsVisible = 0;
			defaultConfigurationName = Release;
		};
		89B6CD6B1FE6290600A59755 /* Build configuration list for PBXNativeTarget "JsonParseTests" */ = {
			isa = XCConfigurationList;
			buildConfigurations = (
				89B6CD6C1FE6290600A59755 /* Debug */,
				89B6CD6D1FE6290600A59755 /* Release */,
			);
			defaultConfigurationIsVisible = 0;
			defaultConfigurationName = Release;
		};
		89B6CD6E1FE6290600A59755 /* Build configuration list for PBXNativeTarget "JsonParseUITests" */ = {
			isa = XCConfigurationList;
			buildConfigurations = (
				89B6CD6F1FE6290600A59755 /* Debug */,
				89B6CD701FE6290600A59755 /* Release */,
			);
			defaultConfigurationIsVisible = 0;
			defaultConfigurationName = Release;
		};
/* End XCConfigurationList section */
	};
	rootObject = 89B6CD381FE6290600A59755 /* Project object */;
}
